
Microsoft Visual Studio Solution File, Format Version 12.00
# Visual Studio Version 17
VisualStudioVersion = 17.8.34330.188
MinimumVisualStudioVersion = 10.0.40219.1
Project("{FAE04EC0-301F-11D3-BF4B-00C04F79EFBC}") = "HW_HE1747", "HW_HE1747\HW_HE1747.csproj", "{FB9D9156-EEFD-4DC7-82B5-3AC0FAFC982C}"
EndProject
Global
	GlobalSection(SolutionConfigurationPlatforms) = preSolution
		Debug|Any CPU = Debug|Any CPU
		Release|Any CPU = Release|Any CPU
	EndGlobalSection
	GlobalSection(ProjectConfigurationPlatforms) = postSolution
		{FB9D9156-EEFD-4DC7-82B5-3AC0FAFC982C}.Debug|Any CPU.ActiveCfg = Debug|Any CPU
		{FB9D9156-EEFD-4DC7-82B5-3AC0FAFC982C}.Debug|Any CPU.Build.0 = Debug|Any CPU
		{FB9D9156-EEFD-4DC7-82B5-3AC0FAFC982C}.Release|Any CPU.ActiveCfg = Release|Any CPU
		{FB9D9156-EEFD-4DC7-82B5-3AC0FAFC982C}.Release|Any CPU.Build.0 = Release|Any CPU
	EndGlobalSection
	GlobalSection(SolutionProperties) = preSolution
		HideSolutionNode = FALSE
	EndGlobalSection
	GlobalSection(ExtensibilityGlobals) = postSolution
		SolutionGuid = {F3F94D66-147B-4EF7-94C8-17C026E731B4}
	EndGlobalSection
EndGlobal
